
Microsoft Visual Studio Solution File, Format Version 12.00
# Visual Studio 15
VisualStudioVersion = 15.0.28010.2041
MinimumVisualStudioVersion = 10.0.40219.1
Project("{FAE04EC0-301F-11D3-BF4B-00C04F79EFBC}") = "OrmTest.EntityFrameworkTest", "OrmTest.EntityFrameworkTest\OrmTest.EntityFrameworkTest.csproj", "{AC34D179-1C71-40D0-9708-40F706B70018}"
EndProject
Project("{FAE04EC0-301F-11D3-BF4B-00C04F79EFBC}") = "OrmTest.LightDataTest", "OrmTest.LightDataTest\OrmTest.LightDataTest.csproj", "{649F56AB-9473-4078-A5FB-0E285A2B6C67}"
EndProject
Global
	GlobalSection(SolutionConfigurationPlatforms) = preSolution
		Debug|Any CPU = Debug|Any CPU
		Release|Any CPU = Release|Any CPU
	EndGlobalSection
	GlobalSection(ProjectConfigurationPlatforms) = postSolution
		{AC34D179-1C71-40D0-9708-40F706B70018}.Debug|Any CPU.ActiveCfg = Debug|Any CPU
		{AC34D179-1C71-40D0-9708-40F706B70018}.Debug|Any CPU.Build.0 = Debug|Any CPU
		{AC34D179-1C71-40D0-9708-40F706B70018}.Release|Any CPU.ActiveCfg = Release|Any CPU
		{AC34D179-1C71-40D0-9708-40F706B70018}.Release|Any CPU.Build.0 = Release|Any CPU
		{649F56AB-9473-4078-A5FB-0E285A2B6C67}.Debug|Any CPU.ActiveCfg = Debug|Any CPU
		{649F56AB-9473-4078-A5FB-0E285A2B6C67}.Debug|Any CPU.Build.0 = Debug|Any CPU
		{649F56AB-9473-4078-A5FB-0E285A2B6C67}.Release|Any CPU.ActiveCfg = Release|Any CPU
		{649F56AB-9473-4078-A5FB-0E285A2B6C67}.Release|Any CPU.Build.0 = Release|Any CPU
	EndGlobalSection
	GlobalSection(SolutionProperties) = preSolution
		HideSolutionNode = FALSE
	EndGlobalSection
	GlobalSection(ExtensibilityGlobals) = postSolution
		SolutionGuid = {4ED834C6-3EEF-4940-82F3-4476D3F742C6}
	EndGlobalSection
EndGlobal
